
Microsoft Visual Studio Solution File, Format Version 12.00
# Visual Studio Version 16
VisualStudioVersion = 16.6.30114.105
MinimumVisualStudioVersion = 10.0.40219.1
Project("{9A19103F-16F7-4668-BE54-9A1E7A4F7556}") = "Domain", "Domain\Domain.csproj", "{59B5AC40-F502-4C07-BF65-E0D47A71A1C5}"
EndProject
Project("{9A19103F-16F7-4668-BE54-9A1E7A4F7556}") = "Application", "Application\Application.csproj", "{4762AC62-B766-4932-BD3C-7AC96DB2C055}"
EndProject
Project("{9A19103F-16F7-4668-BE54-9A1E7A4F7556}") = "Infrastructure", "Infrastructure\Infrastructure.csproj", "{15D88898-9202-40E9-9589-3D5BF61A7712}"
EndProject
Project("{9A19103F-16F7-4668-BE54-9A1E7A4F7556}") = "Persistence", "Persistence\Persistence.csproj", "{E5D095FC-5208-41B4-9CBC-1AEFCD077EC6}"
EndProject
Project("{9A19103F-16F7-4668-BE54-9A1E7A4F7556}") = "IPS.CMS.API", "IPS.CMS.API\IPS.CMS.API.csproj", "{6B428A1D-82A3-45A1-B490-18E5FCC061E6}"
EndProject
Project("{9A19103F-16F7-4668-BE54-9A1E7A4F7556}") = "IPS.CMS.API.PERFORMANCE", "IPS.CMS.API.PERFORMANCE\IPS.CMS.API.PERFORMANCE.csproj", "{3071AB79-3D59-4A44-AF97-1C8A105848EE}"
EndProject
Project("{FAE04EC0-301F-11D3-BF4B-00C04F79EFBC}") = "IPS.CMS.INFRA.IOC", "IPS.CMS.INFRA.IOC\IPS.CMS.INFRA.IOC.csproj", "{7A52E4DA-5015-4A7D-9188-45D61C73B589}"
EndProject
Global
	GlobalSection(SolutionConfigurationPlatforms) = preSolution
		Debug|Any CPU = Debug|Any CPU
		Debug|x64 = Debug|x64
		Debug|x86 = Debug|x86
		Release|Any CPU = Release|Any CPU
		Release|x64 = Release|x64
		Release|x86 = Release|x86
	EndGlobalSection
	GlobalSection(ProjectConfigurationPlatforms) = postSolution
		{59B5AC40-F502-4C07-BF65-E0D47A71A1C5}.Debug|Any CPU.ActiveCfg = Debug|Any CPU
		{59B5AC40-F502-4C07-BF65-E0D47A71A1C5}.Debug|Any CPU.Build.0 = Debug|Any CPU
		{59B5AC40-F502-4C07-BF65-E0D47A71A1C5}.Debug|x64.ActiveCfg = Debug|Any CPU
		{59B5AC40-F502-4C07-BF65-E0D47A71A1C5}.Debug|x64.Build.0 = Debug|Any CPU
		{59B5AC40-F502-4C07-BF65-E0D47A71A1C5}.Debug|x86.ActiveCfg = Debug|Any CPU
		{59B5AC40-F502-4C07-BF65-E0D47A71A1C5}.Debug|x86.Build.0 = Debug|Any CPU
		{59B5AC40-F502-4C07-BF65-E0D47A71A1C5}.Release|Any CPU.ActiveCfg = Release|Any CPU
		{59B5AC40-F502-4C07-BF65-E0D47A71A1C5}.Release|Any CPU.Build.0 = Release|Any CPU
		{59B5AC40-F502-4C07-BF65-E0D47A71A1C5}.Release|x64.ActiveCfg = Release|Any CPU
		{59B5AC40-F502-4C07-BF65-E0D47A71A1C5}.Release|x64.Build.0 = Release|Any CPU
		{59B5AC40-F502-4C07-BF65-E0D47A71A1C5}.Release|x86.ActiveCfg = Release|Any CPU
		{59B5AC40-F502-4C07-BF65-E0D47A71A1C5}.Release|x86.Build.0 = Release|Any CPU
		{4762AC62-B766-4932-BD3C-7AC96DB2C055}.Debug|Any CPU.ActiveCfg = Debug|Any CPU
		{4762AC62-B766-4932-BD3C-7AC96DB2C055}.Debug|Any CPU.Build.0 = Debug|Any CPU
		{4762AC62-B766-4932-BD3C-7AC96DB2C055}.Debug|x64.ActiveCfg = Debug|Any CPU
		{4762AC62-B766-4932-BD3C-7AC96DB2C055}.Debug|x64.Build.0 = Debug|Any CPU
		{4762AC62-B766-4932-BD3C-7AC96DB2C055}.Debug|x86.ActiveCfg = Debug|Any CPU
		{4762AC62-B766-4932-BD3C-7AC96DB2C055}.Debug|x86.Build.0 = Debug|Any CPU
		{4762AC62-B766-4932-BD3C-7AC96DB2C055}.Release|Any CPU.ActiveCfg = Release|Any CPU
		{4762AC62-B766-4932-BD3C-7AC96DB2C055}.Release|Any CPU.Build.0 = Release|Any CPU
		{4762AC62-B766-4932-BD3C-7AC96DB2C055}.Release|x64.ActiveCfg = Release|Any CPU
		{4762AC62-B766-4932-BD3C-7AC96DB2C055}.Release|x64.Build.0 = Release|Any CPU
		{4762AC62-B766-4932-BD3C-7AC96DB2C055}.Release|x86.ActiveCfg = Release|Any CPU
		{4762AC62-B766-4932-BD3C-7AC96DB2C055}.Release|x86.Build.0 = Release|Any CPU
		{15D88898-9202-40E9-9589-3D5BF61A7712}.Debug|Any CPU.ActiveCfg = Debug|Any CPU
		{15D88898-9202-40E9-9589-3D5BF61A7712}.Debug|Any CPU.Build.0 = Debug|Any CPU
		{15D88898-9202-40E9-9589-3D5BF61A7712}.Debug|x64.ActiveCfg = Debug|Any CPU
		{15D88898-9202-40E9-9589-3D5BF61A7712}.Debug|x64.Build.0 = Debug|Any CPU
		{15D88898-9202-40E9-9589-3D5BF61A7712}.Debug|x86.ActiveCfg = Debug|Any CPU
		{15D88898-9202-40E9-9589-3D5BF61A7712}.Debug|x86.Build.0 = Debug|Any CPU
		{15D88898-9202-40E9-9589-3D5BF61A7712}.Release|Any CPU.ActiveCfg = Release|Any CPU
		{15D88898-9202-40E9-9589-3D5BF61A7712}.Release|Any CPU.Build.0 = Release|Any CPU
		{15D88898-9202-40E9-9589-3D5BF61A7712}.Release|x64.ActiveCfg = Release|Any CPU
		{15D88898-9202-40E9-9589-3D5BF61A7712}.Release|x64.Build.0 = Release|Any CPU
		{15D88898-9202-40E9-9589-3D5BF61A7712}.Release|x86.ActiveCfg = Release|Any CPU
		{15D88898-9202-40E9-9589-3D5BF61A7712}.Release|x86.Build.0 = Release|Any CPU
		{E5D095FC-5208-41B4-9CBC-1AEFCD077EC6}.Debug|Any CPU.ActiveCfg = Debug|Any CPU
		{E5D095FC-5208-41B4-9CBC-1AEFCD077EC6}.Debug|Any CPU.Build.0 = Debug|Any CPU
		{E5D095FC-5208-41B4-9CBC-1AEFCD077EC6}.Debug|x64.ActiveCfg = Debug|Any CPU
		{E5D095FC-5208-41B4-9CBC-1AEFCD077EC6}.Debug|x64.Build.0 = Debug|Any CPU
		{E5D095FC-5208-41B4-9CBC-1AEFCD077EC6}.Debug|x86.ActiveCfg = Debug|Any CPU
		{E5D095FC-5208-41B4-9CBC-1AEFCD077EC6}.Debug|x86.Build.0 = Debug|Any CPU
		{E5D095FC-5208-41B4-9CBC-1AEFCD077EC6}.Release|Any CPU.ActiveCfg = Release|Any CPU
		{E5D095FC-5208-41B4-9CBC-1AEFCD077EC6}.Release|Any CPU.Build.0 = Release|Any CPU
		{E5D095FC-5208-41B4-9CBC-1AEFCD077EC6}.Release|x64.ActiveCfg = Release|Any CPU
		{E5D095FC-5208-41B4-9CBC-1AEFCD077EC6}.Release|x64.Build.0 = Release|Any CPU
		{E5D095FC-5208-41B4-9CBC-1AEFCD077EC6}.Release|x86.ActiveCfg = Release|Any CPU
		{E5D095FC-5208-41B4-9CBC-1AEFCD077EC6}.Release|x86.Build.0 = Release|Any CPU
		{6B428A1D-82A3-45A1-B490-18E5FCC061E6}.Debug|Any CPU.ActiveCfg = Debug|Any CPU
		{6B428A1D-82A3-45A1-B490-18E5FCC061E6}.Debug|Any CPU.Build.0 = Debug|Any CPU
		{6B428A1D-82A3-45A1-B490-18E5FCC061E6}.Debug|x64.ActiveCfg = Debug|Any CPU
		{6B428A1D-82A3-45A1-B490-18E5FCC061E6}.Debug|x64.Build.0 = Debug|Any CPU
		{6B428A1D-82A3-45A1-B490-18E5FCC061E6}.Debug|x86.ActiveCfg = Debug|Any CPU
		{6B428A1D-82A3-45A1-B490-18E5FCC061E6}.Debug|x86.Build.0 = Debug|Any CPU
		{6B428A1D-82A3-45A1-B490-18E5FCC061E6}.Release|Any CPU.ActiveCfg = Release|Any CPU
		{6B428A1D-82A3-45A1-B490-18E5FCC061E6}.Release|Any CPU.Build.0 = Release|Any CPU
		{6B428A1D-82A3-45A1-B490-18E5FCC061E6}.Release|x64.ActiveCfg = Release|Any CPU
		{6B428A1D-82A3-45A1-B490-18E5FCC061E6}.Release|x64.Build.0 = Release|Any CPU
		{6B428A1D-82A3-45A1-B490-18E5FCC061E6}.Release|x86.ActiveCfg = Release|Any CPU
		{6B428A1D-82A3-45A1-B490-18E5FCC061E6}.Release|x86.Build.0 = Release|Any CPU
		{3071AB79-3D59-4A44-AF97-1C8A105848EE}.Debug|Any CPU.ActiveCfg = Debug|Any CPU
		{3071AB79-3D59-4A44-AF97-1C8A105848EE}.Debug|Any CPU.Build.0 = Debug|Any CPU
		{3071AB79-3D59-4A44-AF97-1C8A105848EE}.Debug|x64.ActiveCfg = Debug|Any CPU
		{3071AB79-3D59-4A44-AF97-1C8A105848EE}.Debug|x64.Build.0 = Debug|Any CPU
		{3071AB79-3D59-4A44-AF97-1C8A105848EE}.Debug|x86.ActiveCfg = Debug|Any CPU
		{3071AB79-3D59-4A44-AF97-1C8A105848EE}.Debug|x86.Build.0 = Debug|Any CPU
		{3071AB79-3D59-4A44-AF97-1C8A105848EE}.Release|Any CPU.ActiveCfg = Release|Any CPU
		{3071AB79-3D59-4A44-AF97-1C8A105848EE}.Release|Any CPU.Build.0 = Release|Any CPU
		{3071AB79-3D59-4A44-AF97-1C8A105848EE}.Release|x64.ActiveCfg = Release|Any CPU
		{3071AB79-3D59-4A44-AF97-1C8A105848EE}.Release|x64.Build.0 = Release|Any CPU
		{3071AB79-3D59-4A44-AF97-1C8A105848EE}.Release|x86.ActiveCfg = Release|Any CPU
		{3071AB79-3D59-4A44-AF97-1C8A105848EE}.Release|x86.Build.0 = Release|Any CPU
		{7A52E4DA-5015-4A7D-9188-45D61C73B589}.Debug|Any CPU.ActiveCfg = Debug|Any CPU
		{7A52E4DA-5015-4A7D-9188-45D61C73B589}.Debug|Any CPU.Build.0 = Debug|Any CPU
		{7A52E4DA-5015-4A7D-9188-45D61C73B589}.Debug|x64.ActiveCfg = Debug|Any CPU
		{7A52E4DA-5015-4A7D-9188-45D61C73B589}.Debug|x64.Build.0 = Debug|Any CPU
		{7A52E4DA-5015-4A7D-9188-45D61C73B589}.Debug|x86.ActiveCfg = Debug|Any CPU
		{7A52E4DA-5015-4A7D-9188-45D61C73B589}.Debug|x86.Build.0 = Debug|Any CPU
		{7A52E4DA-5015-4A7D-9188-45D61C73B589}.Release|Any CPU.ActiveCfg = Release|Any CPU
		{7A52E4DA-5015-4A7D-9188-45D61C73B589}.Release|Any CPU.Build.0 = Release|Any CPU
		{7A52E4DA-5015-4A7D-9188-45D61C73B589}.Release|x64.ActiveCfg = Release|Any CPU
		{7A52E4DA-5015-4A7D-9188-45D61C73B589}.Release|x64.Build.0 = Release|Any CPU
		{7A52E4DA-5015-4A7D-9188-45D61C73B589}.Release|x86.ActiveCfg = Release|Any CPU
		{7A52E4DA-5015-4A7D-9188-45D61C73B589}.Release|x86.Build.0 = Release|Any CPU
	EndGlobalSection
	GlobalSection(SolutionProperties) = preSolution
		HideSolutionNode = FALSE
	EndGlobalSection
	GlobalSection(ExtensibilityGlobals) = postSolution
		SolutionGuid = {E0660EE5-8551-40F3-B1BD-25F3270CF1D7}
	EndGlobalSection
EndGlobal
